
Microsoft Visual Studio Solution File, Format Version 12.00
# Visual Studio Version 17
VisualStudioVersion = 17.2.32526.322
MinimumVisualStudioVersion = 10.0.40219.1
Project("{FAE04EC0-301F-11D3-BF4B-00C04F79EFBC}") = "Diagram.NET", "Diagram.NET\Diagram.NET.csproj", "{46FE3660-273C-474B-BA51-835F5CDEDA58}"
EndProject
Project("{FAE04EC0-301F-11D3-BF4B-00C04F79EFBC}") = "Diagramador", "Diagramador\Diagramador.csproj", "{6FB9A9DD-5C3D-4386-9AD6-73DFA5D6EF33}"
EndProject
Global
	GlobalSection(SolutionConfigurationPlatforms) = preSolution
		Debug|Any CPU = Debug|Any CPU
		Release|Any CPU = Release|Any CPU
	EndGlobalSection
	GlobalSection(ProjectConfigurationPlatforms) = postSolution
		{46FE3660-273C-474B-BA51-835F5CDEDA58}.Debug|Any CPU.ActiveCfg = Debug|Any CPU
		{46FE3660-273C-474B-BA51-835F5CDEDA58}.Debug|Any CPU.Build.0 = Debug|Any CPU
		{46FE3660-273C-474B-BA51-835F5CDEDA58}.Release|Any CPU.ActiveCfg = Release|Any CPU
		{46FE3660-273C-474B-BA51-835F5CDEDA58}.Release|Any CPU.Build.0 = Release|Any CPU
		{6FB9A9DD-5C3D-4386-9AD6-73DFA5D6EF33}.Debug|Any CPU.ActiveCfg = Debug|Any CPU
		{6FB9A9DD-5C3D-4386-9AD6-73DFA5D6EF33}.Debug|Any CPU.Build.0 = Debug|Any CPU
		{6FB9A9DD-5C3D-4386-9AD6-73DFA5D6EF33}.Release|Any CPU.ActiveCfg = Release|Any CPU
		{6FB9A9DD-5C3D-4386-9AD6-73DFA5D6EF33}.Release|Any CPU.Build.0 = Release|Any CPU
	EndGlobalSection
	GlobalSection(SolutionProperties) = preSolution
		HideSolutionNode = FALSE
	EndGlobalSection
	GlobalSection(ExtensibilityGlobals) = postSolution
		SolutionGuid = {2E49BDFD-571B-4E92-B064-A997F7D8644A}
	EndGlobalSection
EndGlobal
